
Microsoft Visual Studio Solution File, Format Version 12.00
# Visual Studio Version 17
VisualStudioVersion = 17.0.31903.59
MinimumVisualStudioVersion = 10.0.40219.1
Project("{2150E333-8FDC-42A3-9474-1A3956D46DE8}") = "src", "src", "{827E0CD3-B72D-47B6-A68D-7590B98EB39B}"
EndProject
Project("{FAE04EC0-301F-11D3-BF4B-00C04F79EFBC}") = "Anemoi.Api", "src\Anemoi.Api\Anemoi.Api.csproj", "{67F0314B-F04C-41F0-9E3A-67C5CB191529}"
EndProject
Project("{FAE04EC0-301F-11D3-BF4B-00C04F79EFBC}") = "Anemoi.Core", "src\Anemoi.Core\Anemoi.Core.csproj", "{D2932B3C-62AD-4565-AA5B-7D474A0263C7}"
EndProject
Project("{FAE04EC0-301F-11D3-BF4B-00C04F79EFBC}") = "Anemoi.Backends.Ollama", "src\Anemoi.Backends.Ollama\Anemoi.Backends.Ollama.csproj", "{42538091-57E4-4F7B-AAAA-6DF0B0E3899B}"
EndProject
Project("{FAE04EC0-301F-11D3-BF4B-00C04F79EFBC}") = "Anemoi.Backends.LlamaCpp", "src\Anemoi.Backends.LlamaCpp\Anemoi.Backends.LlamaCpp.csproj", "{3E5DD23F-5D01-4A32-ADF1-6EFB2FFF6575}"
EndProject
Project("{FAE04EC0-301F-11D3-BF4B-00C04F79EFBC}") = "Anemoi.Tests", "src\Anemoi.Tests\Anemoi.Tests.csproj", "{92EBCB90-80CF-4047-87BA-08FCC3E8250C}"
EndProject
Global
	GlobalSection(SolutionConfigurationPlatforms) = preSolution
		Debug|Any CPU = Debug|Any CPU
		Debug|x64 = Debug|x64
		Debug|x86 = Debug|x86
		Release|Any CPU = Release|Any CPU
		Release|x64 = Release|x64
		Release|x86 = Release|x86
	EndGlobalSection
	GlobalSection(ProjectConfigurationPlatforms) = postSolution
		{67F0314B-F04C-41F0-9E3A-67C5CB191529}.Debug|Any CPU.ActiveCfg = Debug|Any CPU
		{67F0314B-F04C-41F0-9E3A-67C5CB191529}.Debug|Any CPU.Build.0 = Debug|Any CPU
		{67F0314B-F04C-41F0-9E3A-67C5CB191529}.Debug|x64.ActiveCfg = Debug|Any CPU
		{67F0314B-F04C-41F0-9E3A-67C5CB191529}.Debug|x64.Build.0 = Debug|Any CPU
		{67F0314B-F04C-41F0-9E3A-67C5CB191529}.Debug|x86.ActiveCfg = Debug|Any CPU
		{67F0314B-F04C-41F0-9E3A-67C5CB191529}.Debug|x86.Build.0 = Debug|Any CPU
		{67F0314B-F04C-41F0-9E3A-67C5CB191529}.Release|Any CPU.ActiveCfg = Release|Any CPU
		{67F0314B-F04C-41F0-9E3A-67C5CB191529}.Release|Any CPU.Build.0 = Release|Any CPU
		{67F0314B-F04C-41F0-9E3A-67C5CB191529}.Release|x64.ActiveCfg = Release|Any CPU
		{67F0314B-F04C-41F0-9E3A-67C5CB191529}.Release|x64.Build.0 = Release|Any CPU
		{67F0314B-F04C-41F0-9E3A-67C5CB191529}.Release|x86.ActiveCfg = Release|Any CPU
		{67F0314B-F04C-41F0-9E3A-67C5CB191529}.Release|x86.Build.0 = Release|Any CPU
		{D2932B3C-62AD-4565-AA5B-7D474A0263C7}.Debug|Any CPU.ActiveCfg = Debug|Any CPU
		{D2932B3C-62AD-4565-AA5B-7D474A0263C7}.Debug|Any CPU.Build.0 = Debug|Any CPU
		{D2932B3C-62AD-4565-AA5B-7D474A0263C7}.Debug|x64.ActiveCfg = Debug|Any CPU
		{D2932B3C-62AD-4565-AA5B-7D474A0263C7}.Debug|x64.Build.0 = Debug|Any CPU
		{D2932B3C-62AD-4565-AA5B-7D474A0263C7}.Debug|x86.ActiveCfg = Debug|Any CPU
		{D2932B3C-62AD-4565-AA5B-7D474A0263C7}.Debug|x86.Build.0 = Debug|Any CPU
		{D2932B3C-62AD-4565-AA5B-7D474A0263C7}.Release|Any CPU.ActiveCfg = Release|Any CPU
		{D2932B3C-62AD-4565-AA5B-7D474A0263C7}.Release|Any CPU.Build.0 = Release|Any CPU
		{D2932B3C-62AD-4565-AA5B-7D474A0263C7}.Release|x64.ActiveCfg = Release|Any CPU
		{D2932B3C-62AD-4565-AA5B-7D474A0263C7}.Release|x64.Build.0 = Release|Any CPU
		{D2932B3C-62AD-4565-AA5B-7D474A0263C7}.Release|x86.ActiveCfg = Release|Any CPU
		{D2932B3C-62AD-4565-AA5B-7D474A0263C7}.Release|x86.Build.0 = Release|Any CPU
		{42538091-57E4-4F7B-AAAA-6DF0B0E3899B}.Debug|Any CPU.ActiveCfg = Debug|Any CPU
		{42538091-57E4-4F7B-AAAA-6DF0B0E3899B}.Debug|Any CPU.Build.0 = Debug|Any CPU
		{42538091-57E4-4F7B-AAAA-6DF0B0E3899B}.Debug|x64.ActiveCfg = Debug|Any CPU
		{42538091-57E4-4F7B-AAAA-6DF0B0E3899B}.Debug|x64.Build.0 = Debug|Any CPU
		{42538091-57E4-4F7B-AAAA-6DF0B0E3899B}.Debug|x86.ActiveCfg = Debug|Any CPU
		{42538091-57E4-4F7B-AAAA-6DF0B0E3899B}.Debug|x86.Build.0 = Debug|Any CPU
		{42538091-57E4-4F7B-AAAA-6DF0B0E3899B}.Release|Any CPU.ActiveCfg = Release|Any CPU
		{42538091-57E4-4F7B-AAAA-6DF0B0E3899B}.Release|Any CPU.Build.0 = Release|Any CPU
		{42538091-57E4-4F7B-AAAA-6DF0B0E3899B}.Release|x64.ActiveCfg = Release|Any CPU
		{42538091-57E4-4F7B-AAAA-6DF0B0E3899B}.Release|x64.Build.0 = Release|Any CPU
		{42538091-57E4-4F7B-AAAA-6DF0B0E3899B}.Release|x86.ActiveCfg = Release|Any CPU
		{42538091-57E4-4F7B-AAAA-6DF0B0E3899B}.Release|x86.Build.0 = Release|Any CPU
		{3E5DD23F-5D01-4A32-ADF1-6EFB2FFF6575}.Debug|Any CPU.ActiveCfg = Debug|Any CPU
		{3E5DD23F-5D01-4A32-ADF1-6EFB2FFF6575}.Debug|Any CPU.Build.0 = Debug|Any CPU
		{3E5DD23F-5D01-4A32-ADF1-6EFB2FFF6575}.Debug|x64.ActiveCfg = Debug|Any CPU
		{3E5DD23F-5D01-4A32-ADF1-6EFB2FFF6575}.Debug|x64.Build.0 = Debug|Any CPU
		{3E5DD23F-5D01-4A32-ADF1-6EFB2FFF6575}.Debug|x86.ActiveCfg = Debug|Any CPU
		{3E5DD23F-5D01-4A32-ADF1-6EFB2FFF6575}.Debug|x86.Build.0 = Debug|Any CPU
		{3E5DD23F-5D01-4A32-ADF1-6EFB2FFF6575}.Release|Any CPU.ActiveCfg = Release|Any CPU
		{3E5DD23F-5D01-4A32-ADF1-6EFB2FFF6575}.Release|Any CPU.Build.0 = Release|Any CPU
		{3E5DD23F-5D01-4A32-ADF1-6EFB2FFF6575}.Release|x64.ActiveCfg = Release|Any CPU
		{3E5DD23F-5D01-4A32-ADF1-6EFB2FFF6575}.Release|x64.Build.0 = Release|Any CPU
		{3E5DD23F-5D01-4A32-ADF1-6EFB2FFF6575}.Release|x86.ActiveCfg = Release|Any CPU
		{3E5DD23F-5D01-4A32-ADF1-6EFB2FFF6575}.Release|x86.Build.0 = Release|Any CPU
		{92EBCB90-80CF-4047-87BA-08FCC3E8250C}.Debug|Any CPU.ActiveCfg = Debug|Any CPU
		{92EBCB90-80CF-4047-87BA-08FCC3E8250C}.Debug|Any CPU.Build.0 = Debug|Any CPU
		{92EBCB90-80CF-4047-87BA-08FCC3E8250C}.Debug|x64.ActiveCfg = Debug|Any CPU
		{92EBCB90-80CF-4047-87BA-08FCC3E8250C}.Debug|x64.Build.0 = Debug|Any CPU
		{92EBCB90-80CF-4047-87BA-08FCC3E8250C}.Debug|x86.ActiveCfg = Debug|Any CPU
		{92EBCB90-80CF-4047-87BA-08FCC3E8250C}.Debug|x86.Build.0 = Debug|Any CPU
		{92EBCB90-80CF-4047-87BA-08FCC3E8250C}.Release|Any CPU.ActiveCfg = Release|Any CPU
		{92EBCB90-80CF-4047-87BA-08FCC3E8250C}.Release|Any CPU.Build.0 = Release|Any CPU
		{92EBCB90-80CF-4047-87BA-08FCC3E8250C}.Release|x64.ActiveCfg = Release|Any CPU
		{92EBCB90-80CF-4047-87BA-08FCC3E8250C}.Release|x64.Build.0 = Release|Any CPU
		{92EBCB90-80CF-4047-87BA-08FCC3E8250C}.Release|x86.ActiveCfg = Release|Any CPU
		{92EBCB90-80CF-4047-87BA-08FCC3E8250C}.Release|x86.Build.0 = Release|Any CPU
	EndGlobalSection
	GlobalSection(SolutionProperties) = preSolution
		HideSolutionNode = FALSE
	EndGlobalSection
	GlobalSection(NestedProjects) = preSolution
		{67F0314B-F04C-41F0-9E3A-67C5CB191529} = {827E0CD3-B72D-47B6-A68D-7590B98EB39B}
		{D2932B3C-62AD-4565-AA5B-7D474A0263C7} = {827E0CD3-B72D-47B6-A68D-7590B98EB39B}
		{42538091-57E4-4F7B-AAAA-6DF0B0E3899B} = {827E0CD3-B72D-47B6-A68D-7590B98EB39B}
		{3E5DD23F-5D01-4A32-ADF1-6EFB2FFF6575} = {827E0CD3-B72D-47B6-A68D-7590B98EB39B}
		{92EBCB90-80CF-4047-87BA-08FCC3E8250C} = {827E0CD3-B72D-47B6-A68D-7590B98EB39B}
	EndGlobalSection
EndGlobal
